
Microsoft Visual Studio Solution File, Format Version 12.00
# Visual Studio Version 16
VisualStudioVersion = 16.0.29613.14
MinimumVisualStudioVersion = 10.0.40219.1
Project("{9A19103F-16F7-4668-BE54-9A1E7A4F7556}") = "AMcom API", "AMcom API\AMcom API.csproj", "{38345D51-791A-4C5C-8400-88B71C86F256}"
	ProjectSection(ProjectDependencies) = postProject
		{4D813425-8FD2-4014-AC59-63893B38EEDF} = {4D813425-8FD2-4014-AC59-63893B38EEDF}
	EndProjectSection
EndProject
Project("{FAE04EC0-301F-11D3-BF4B-00C04F79EFBC}") = "AMcom Models", "AMcom Models\AMcom Models.csproj", "{4D813425-8FD2-4014-AC59-63893B38EEDF}"
EndProject
Global
	GlobalSection(SolutionConfigurationPlatforms) = preSolution
		Debug|Any CPU = Debug|Any CPU
		Release|Any CPU = Release|Any CPU
	EndGlobalSection
	GlobalSection(ProjectConfigurationPlatforms) = postSolution
		{38345D51-791A-4C5C-8400-88B71C86F256}.Debug|Any CPU.ActiveCfg = Debug|Any CPU
		{38345D51-791A-4C5C-8400-88B71C86F256}.Debug|Any CPU.Build.0 = Debug|Any CPU
		{38345D51-791A-4C5C-8400-88B71C86F256}.Release|Any CPU.ActiveCfg = Release|Any CPU
		{38345D51-791A-4C5C-8400-88B71C86F256}.Release|Any CPU.Build.0 = Release|Any CPU
		{4D813425-8FD2-4014-AC59-63893B38EEDF}.Debug|Any CPU.ActiveCfg = Debug|Any CPU
		{4D813425-8FD2-4014-AC59-63893B38EEDF}.Debug|Any CPU.Build.0 = Debug|Any CPU
		{4D813425-8FD2-4014-AC59-63893B38EEDF}.Release|Any CPU.ActiveCfg = Release|Any CPU
		{4D813425-8FD2-4014-AC59-63893B38EEDF}.Release|Any CPU.Build.0 = Release|Any CPU
	EndGlobalSection
	GlobalSection(SolutionProperties) = preSolution
		HideSolutionNode = FALSE
	EndGlobalSection
	GlobalSection(ExtensibilityGlobals) = postSolution
		SolutionGuid = {087938BC-F434-42E5-8F59-8309905D370F}
	EndGlobalSection
EndGlobal
